
Microsoft Visual Studio Solution File, Format Version 12.00
# Visual Studio 2012
Project("{FAE04EC0-301F-11D3-BF4B-00C04F79EFBC}") = "TestApp", "TestApp\TestApp.csproj", "{7B370DDC-5A97-4DBE-8D40-E9B9D35672F5}"
	ProjectSection(ProjectDependencies) = postProject
		{FD782C32-D5B2-47B2-BEB5-72B3FFEEDF76} = {FD782C32-D5B2-47B2-BEB5-72B3FFEEDF76}
		{6C590D7E-E05F-4D30-BE64-ECFB50210BBB} = {6C590D7E-E05F-4D30-BE64-ECFB50210BBB}
		{23DFB7B6-D6F5-4AC0-8B1B-5BD55F98A182} = {23DFB7B6-D6F5-4AC0-8B1B-5BD55F98A182}
	EndProjectSection
EndProject
Project("{FAE04EC0-301F-11D3-BF4B-00C04F79EFBC}") = "CommonTypes", "CommonTypes\CommonTypes.csproj", "{33BB861B-C2EA-4135-9A01-D3AAC85D4443}"
EndProject
Project("{FAE04EC0-301F-11D3-BF4B-00C04F79EFBC}") = "Publisher", "Publisher\Publisher.csproj", "{6C590D7E-E05F-4D30-BE64-ECFB50210BBB}"
EndProject
Project("{FAE04EC0-301F-11D3-BF4B-00C04F79EFBC}") = "Subscriber", "Subscriber\Subscriber.csproj", "{23DFB7B6-D6F5-4AC0-8B1B-5BD55F98A182}"
EndProject
Project("{FAE04EC0-301F-11D3-BF4B-00C04F79EFBC}") = "MessageBroker", "MessageBroker\MessageBroker.csproj", "{FD782C32-D5B2-47B2-BEB5-72B3FFEEDF76}"
EndProject
Project("{FAE04EC0-301F-11D3-BF4B-00C04F79EFBC}") = "PuppetMaster", "PuppetMaster\PuppetMaster.csproj", "{88B08A28-E18C-4611-ABC4-C3286F20F519}"
EndProject
Project("{FAE04EC0-301F-11D3-BF4B-00C04F79EFBC}") = "Process", "Process\Process.csproj", "{90749E08-4A8A-474E-A821-ED5481A5609E}"
EndProject
Global
	GlobalSection(SolutionConfigurationPlatforms) = preSolution
		Debug|Any CPU = Debug|Any CPU
		Release|Any CPU = Release|Any CPU
	EndGlobalSection
	GlobalSection(ProjectConfigurationPlatforms) = postSolution
		{7B370DDC-5A97-4DBE-8D40-E9B9D35672F5}.Debug|Any CPU.ActiveCfg = Debug|Any CPU
		{7B370DDC-5A97-4DBE-8D40-E9B9D35672F5}.Debug|Any CPU.Build.0 = Debug|Any CPU
		{7B370DDC-5A97-4DBE-8D40-E9B9D35672F5}.Release|Any CPU.ActiveCfg = Release|Any CPU
		{7B370DDC-5A97-4DBE-8D40-E9B9D35672F5}.Release|Any CPU.Build.0 = Release|Any CPU
		{33BB861B-C2EA-4135-9A01-D3AAC85D4443}.Debug|Any CPU.ActiveCfg = Debug|Any CPU
		{33BB861B-C2EA-4135-9A01-D3AAC85D4443}.Debug|Any CPU.Build.0 = Debug|Any CPU
		{33BB861B-C2EA-4135-9A01-D3AAC85D4443}.Debug|Any CPU.Deploy.0 = Debug|Any CPU
		{33BB861B-C2EA-4135-9A01-D3AAC85D4443}.Release|Any CPU.ActiveCfg = Release|Any CPU
		{33BB861B-C2EA-4135-9A01-D3AAC85D4443}.Release|Any CPU.Build.0 = Release|Any CPU
		{6C590D7E-E05F-4D30-BE64-ECFB50210BBB}.Debug|Any CPU.ActiveCfg = Debug|Any CPU
		{6C590D7E-E05F-4D30-BE64-ECFB50210BBB}.Debug|Any CPU.Build.0 = Debug|Any CPU
		{6C590D7E-E05F-4D30-BE64-ECFB50210BBB}.Release|Any CPU.ActiveCfg = Release|Any CPU
		{6C590D7E-E05F-4D30-BE64-ECFB50210BBB}.Release|Any CPU.Build.0 = Release|Any CPU
		{23DFB7B6-D6F5-4AC0-8B1B-5BD55F98A182}.Debug|Any CPU.ActiveCfg = Debug|Any CPU
		{23DFB7B6-D6F5-4AC0-8B1B-5BD55F98A182}.Debug|Any CPU.Build.0 = Debug|Any CPU
		{23DFB7B6-D6F5-4AC0-8B1B-5BD55F98A182}.Release|Any CPU.ActiveCfg = Release|Any CPU
		{23DFB7B6-D6F5-4AC0-8B1B-5BD55F98A182}.Release|Any CPU.Build.0 = Release|Any CPU
		{FD782C32-D5B2-47B2-BEB5-72B3FFEEDF76}.Debug|Any CPU.ActiveCfg = Debug|Any CPU
		{FD782C32-D5B2-47B2-BEB5-72B3FFEEDF76}.Debug|Any CPU.Build.0 = Debug|Any CPU
		{FD782C32-D5B2-47B2-BEB5-72B3FFEEDF76}.Release|Any CPU.ActiveCfg = Release|Any CPU
		{FD782C32-D5B2-47B2-BEB5-72B3FFEEDF76}.Release|Any CPU.Build.0 = Release|Any CPU
		{88B08A28-E18C-4611-ABC4-C3286F20F519}.Debug|Any CPU.ActiveCfg = Debug|Any CPU
		{88B08A28-E18C-4611-ABC4-C3286F20F519}.Debug|Any CPU.Build.0 = Debug|Any CPU
		{88B08A28-E18C-4611-ABC4-C3286F20F519}.Release|Any CPU.ActiveCfg = Release|Any CPU
		{88B08A28-E18C-4611-ABC4-C3286F20F519}.Release|Any CPU.Build.0 = Release|Any CPU
		{90749E08-4A8A-474E-A821-ED5481A5609E}.Debug|Any CPU.ActiveCfg = Debug|Any CPU
		{90749E08-4A8A-474E-A821-ED5481A5609E}.Debug|Any CPU.Build.0 = Debug|Any CPU
		{90749E08-4A8A-474E-A821-ED5481A5609E}.Release|Any CPU.ActiveCfg = Release|Any CPU
		{90749E08-4A8A-474E-A821-ED5481A5609E}.Release|Any CPU.Build.0 = Release|Any CPU
	EndGlobalSection
	GlobalSection(SolutionProperties) = preSolution
		HideSolutionNode = FALSE
	EndGlobalSection
EndGlobal
